
Microsoft Visual Studio Solution File, Format Version 12.00
# Visual Studio Version 17
VisualStudioVersion = 17.8.34330.188
MinimumVisualStudioVersion = 10.0.40219.1
Project("{9A19103F-16F7-4668-BE54-9A1E7A4F7556}") = "LiveChartDemo", "PlottingDemo\LiveChartDemo.csproj", "{19E592F3-E030-4580-8FC3-205C1FD601A1}"
EndProject
Global
	GlobalSection(SolutionConfigurationPlatforms) = preSolution
		Debug|Any CPU = Debug|Any CPU
		Release|Any CPU = Release|Any CPU
	EndGlobalSection
	GlobalSection(ProjectConfigurationPlatforms) = postSolution
		{19E592F3-E030-4580-8FC3-205C1FD601A1}.Debug|Any CPU.ActiveCfg = Debug|Any CPU
		{19E592F3-E030-4580-8FC3-205C1FD601A1}.Debug|Any CPU.Build.0 = Debug|Any CPU
		{19E592F3-E030-4580-8FC3-205C1FD601A1}.Release|Any CPU.ActiveCfg = Release|Any CPU
		{19E592F3-E030-4580-8FC3-205C1FD601A1}.Release|Any CPU.Build.0 = Release|Any CPU
	EndGlobalSection
	GlobalSection(SolutionProperties) = preSolution
		HideSolutionNode = FALSE
	EndGlobalSection
	GlobalSection(ExtensibilityGlobals) = postSolution
		SolutionGuid = {68C16EE5-62B5-4E94-9B52-CDCBFBD80A60}
	EndGlobalSection
EndGlobal
